
Microsoft Visual Studio Solution File, Format Version 12.00
# Visual Studio 15
VisualStudioVersion = 15.0.28307.329
MinimumVisualStudioVersion = 10.0.40219.1
Project("{D2ABAB84-BF74-430A-B69E-9DC6D40DDA17}") = "Practice6Cubes", "Practice6Cubes\Practice6Cubes.dwproj", "{4E2A0919-425B-4BB2-803E-9AD8257210E6}"
EndProject
Global
	GlobalSection(SolutionConfigurationPlatforms) = preSolution
		Development|Default = Development|Default
	EndGlobalSection
	GlobalSection(ProjectConfigurationPlatforms) = postSolution
		{4E2A0919-425B-4BB2-803E-9AD8257210E6}.Development|Default.ActiveCfg = Development
		{4E2A0919-425B-4BB2-803E-9AD8257210E6}.Development|Default.Build.0 = Development
		{4E2A0919-425B-4BB2-803E-9AD8257210E6}.Development|Default.Deploy.0 = Development
	EndGlobalSection
	GlobalSection(SolutionProperties) = preSolution
		HideSolutionNode = FALSE
	EndGlobalSection
	GlobalSection(ExtensibilityGlobals) = postSolution
		SolutionGuid = {73CF9007-E739-4B64-BA3E-F82B79F13253}
	EndGlobalSection
EndGlobal
